
Microsoft Visual Studio Solution File, Format Version 12.00
# Visual Studio Version 16
VisualStudioVersion = 16.0.31313.79
MinimumVisualStudioVersion = 10.0.40219.1
Project("{9A19103F-16F7-4668-BE54-9A1E7A4F7556}") = "activitiesapi", "activitiesapi\activitiesapi.csproj", "{1819D904-A4BC-4CF9-BFA7-185E5E5EA4E0}"
EndProject
Project("{9A19103F-16F7-4668-BE54-9A1E7A4F7556}") = "mvc", "mvc\mvc.csproj", "{AE8874DB-38C0-40CE-A5B4-270EDDC7A9C8}"
EndProject
Project("{9A19103F-16F7-4668-BE54-9A1E7A4F7556}") = "groupsapi", "groupsapi\groupsapi.csproj", "{BD2E91CC-6C72-4563-AC0A-01789A6956DD}"
EndProject
Project("{9A19103F-16F7-4668-BE54-9A1E7A4F7556}") = "scheduleapi", "scheduleapi\scheduleapi.csproj", "{F365F7B0-23F6-4624-99E5-22F297F547A0}"
EndProject
Project("{9A19103F-16F7-4668-BE54-9A1E7A4F7556}") = "teachingapi", "teachingapi\teachingapi.csproj", "{70590A0F-DEC4-4C3D-ADF8-C40CE955703E}"
EndProject
Project("{9A19103F-16F7-4668-BE54-9A1E7A4F7556}") = "roomsmanagementapi", "roomsmanagementapi\roomsmanagementapi.csproj", "{FA4E4365-4290-4784-A706-ABC18D83002A}"
EndProject
Project("{9A19103F-16F7-4668-BE54-9A1E7A4F7556}") = "ActivitiesAPI.Client", "ActivitiesAPI.Client\ActivitiesAPI.Client.csproj", "{2A69BEFB-E84D-4D98-8825-E26EB10FE7D9}"
EndProject
Project("{2150E333-8FDC-42A3-9474-1A3956D46DE8}") = "ActivitiesService", "ActivitiesService", "{72D514C9-8586-4F23-858F-F6044146D5D5}"
EndProject
Project("{9A19103F-16F7-4668-BE54-9A1E7A4F7556}") = "ActivitiesAPI.Models", "ActivitiesAPI.Models\ActivitiesAPI.Models.csproj", "{D58F2682-2B92-4D5C-A049-5C29303C5831}"
EndProject
Project("{9A19103F-16F7-4668-BE54-9A1E7A4F7556}") = "TokensService", "TokenService\TokensService.csproj", "{707A4563-87C4-42CC-94BA-A4DE584662F7}"
EndProject
Project("{2150E333-8FDC-42A3-9474-1A3956D46DE8}") = "GroupsServcie", "GroupsServcie", "{A33A6D18-E478-4602-97F7-3B5A9005FE44}"
EndProject
Project("{9A19103F-16F7-4668-BE54-9A1E7A4F7556}") = "GroupsAPI.Client", "GroupsApi.Client\GroupsAPI.Client.csproj", "{6F4D2000-3E67-4DE1-B8B0-770F38DE34C0}"
EndProject
Project("{9A19103F-16F7-4668-BE54-9A1E7A4F7556}") = "GroupsAPI.Models", "GroupsApi.Models\GroupsAPI.Models.csproj", "{F393ACBB-49CC-46CF-BB7A-3999DBB2A9E7}"
EndProject
Project("{2150E333-8FDC-42A3-9474-1A3956D46DE8}") = "RoomsService", "RoomsService", "{6F9A96A8-03CF-404F-A94E-9E53DBBA64D8}"
EndProject
Project("{FAE04EC0-301F-11D3-BF4B-00C04F79EFBC}") = "RoomsAPI.Client", "RoomsAPI.Client\RoomsAPI.Client.csproj", "{D4D4FC06-FB75-4938-8879-87FE966CB5FB}"
EndProject
Project("{FAE04EC0-301F-11D3-BF4B-00C04F79EFBC}") = "RoomsAPI.Models", "RoomsAPI.Models\RoomsAPI.Models.csproj", "{10F75213-2D18-4CC2-8B1D-6548FA692C66}"
EndProject
Global
	GlobalSection(SolutionConfigurationPlatforms) = preSolution
		Debug|Any CPU = Debug|Any CPU
		Release|Any CPU = Release|Any CPU
	EndGlobalSection
	GlobalSection(ProjectConfigurationPlatforms) = postSolution
		{1819D904-A4BC-4CF9-BFA7-185E5E5EA4E0}.Debug|Any CPU.ActiveCfg = Debug|Any CPU
		{1819D904-A4BC-4CF9-BFA7-185E5E5EA4E0}.Debug|Any CPU.Build.0 = Debug|Any CPU
		{1819D904-A4BC-4CF9-BFA7-185E5E5EA4E0}.Release|Any CPU.ActiveCfg = Release|Any CPU
		{1819D904-A4BC-4CF9-BFA7-185E5E5EA4E0}.Release|Any CPU.Build.0 = Release|Any CPU
		{AE8874DB-38C0-40CE-A5B4-270EDDC7A9C8}.Debug|Any CPU.ActiveCfg = Debug|Any CPU
		{AE8874DB-38C0-40CE-A5B4-270EDDC7A9C8}.Debug|Any CPU.Build.0 = Debug|Any CPU
		{AE8874DB-38C0-40CE-A5B4-270EDDC7A9C8}.Release|Any CPU.ActiveCfg = Release|Any CPU
		{AE8874DB-38C0-40CE-A5B4-270EDDC7A9C8}.Release|Any CPU.Build.0 = Release|Any CPU
		{BD2E91CC-6C72-4563-AC0A-01789A6956DD}.Debug|Any CPU.ActiveCfg = Debug|Any CPU
		{BD2E91CC-6C72-4563-AC0A-01789A6956DD}.Debug|Any CPU.Build.0 = Debug|Any CPU
		{BD2E91CC-6C72-4563-AC0A-01789A6956DD}.Release|Any CPU.ActiveCfg = Release|Any CPU
		{BD2E91CC-6C72-4563-AC0A-01789A6956DD}.Release|Any CPU.Build.0 = Release|Any CPU
		{F365F7B0-23F6-4624-99E5-22F297F547A0}.Debug|Any CPU.ActiveCfg = Debug|Any CPU
		{F365F7B0-23F6-4624-99E5-22F297F547A0}.Debug|Any CPU.Build.0 = Debug|Any CPU
		{F365F7B0-23F6-4624-99E5-22F297F547A0}.Release|Any CPU.ActiveCfg = Release|Any CPU
		{F365F7B0-23F6-4624-99E5-22F297F547A0}.Release|Any CPU.Build.0 = Release|Any CPU
		{70590A0F-DEC4-4C3D-ADF8-C40CE955703E}.Debug|Any CPU.ActiveCfg = Debug|Any CPU
		{70590A0F-DEC4-4C3D-ADF8-C40CE955703E}.Debug|Any CPU.Build.0 = Debug|Any CPU
		{70590A0F-DEC4-4C3D-ADF8-C40CE955703E}.Release|Any CPU.ActiveCfg = Release|Any CPU
		{70590A0F-DEC4-4C3D-ADF8-C40CE955703E}.Release|Any CPU.Build.0 = Release|Any CPU
		{FA4E4365-4290-4784-A706-ABC18D83002A}.Debug|Any CPU.ActiveCfg = Debug|Any CPU
		{FA4E4365-4290-4784-A706-ABC18D83002A}.Debug|Any CPU.Build.0 = Debug|Any CPU
		{FA4E4365-4290-4784-A706-ABC18D83002A}.Release|Any CPU.ActiveCfg = Release|Any CPU
		{FA4E4365-4290-4784-A706-ABC18D83002A}.Release|Any CPU.Build.0 = Release|Any CPU
		{2A69BEFB-E84D-4D98-8825-E26EB10FE7D9}.Debug|Any CPU.ActiveCfg = Debug|Any CPU
		{2A69BEFB-E84D-4D98-8825-E26EB10FE7D9}.Debug|Any CPU.Build.0 = Debug|Any CPU
		{2A69BEFB-E84D-4D98-8825-E26EB10FE7D9}.Release|Any CPU.ActiveCfg = Release|Any CPU
		{2A69BEFB-E84D-4D98-8825-E26EB10FE7D9}.Release|Any CPU.Build.0 = Release|Any CPU
		{D58F2682-2B92-4D5C-A049-5C29303C5831}.Debug|Any CPU.ActiveCfg = Debug|Any CPU
		{D58F2682-2B92-4D5C-A049-5C29303C5831}.Debug|Any CPU.Build.0 = Debug|Any CPU
		{D58F2682-2B92-4D5C-A049-5C29303C5831}.Release|Any CPU.ActiveCfg = Release|Any CPU
		{D58F2682-2B92-4D5C-A049-5C29303C5831}.Release|Any CPU.Build.0 = Release|Any CPU
		{707A4563-87C4-42CC-94BA-A4DE584662F7}.Debug|Any CPU.ActiveCfg = Debug|Any CPU
		{707A4563-87C4-42CC-94BA-A4DE584662F7}.Debug|Any CPU.Build.0 = Debug|Any CPU
		{707A4563-87C4-42CC-94BA-A4DE584662F7}.Release|Any CPU.ActiveCfg = Release|Any CPU
		{707A4563-87C4-42CC-94BA-A4DE584662F7}.Release|Any CPU.Build.0 = Release|Any CPU
		{6F4D2000-3E67-4DE1-B8B0-770F38DE34C0}.Debug|Any CPU.ActiveCfg = Debug|Any CPU
		{6F4D2000-3E67-4DE1-B8B0-770F38DE34C0}.Debug|Any CPU.Build.0 = Debug|Any CPU
		{6F4D2000-3E67-4DE1-B8B0-770F38DE34C0}.Release|Any CPU.ActiveCfg = Release|Any CPU
		{6F4D2000-3E67-4DE1-B8B0-770F38DE34C0}.Release|Any CPU.Build.0 = Release|Any CPU
		{F393ACBB-49CC-46CF-BB7A-3999DBB2A9E7}.Debug|Any CPU.ActiveCfg = Debug|Any CPU
		{F393ACBB-49CC-46CF-BB7A-3999DBB2A9E7}.Debug|Any CPU.Build.0 = Debug|Any CPU
		{F393ACBB-49CC-46CF-BB7A-3999DBB2A9E7}.Release|Any CPU.ActiveCfg = Release|Any CPU
		{F393ACBB-49CC-46CF-BB7A-3999DBB2A9E7}.Release|Any CPU.Build.0 = Release|Any CPU
		{D4D4FC06-FB75-4938-8879-87FE966CB5FB}.Debug|Any CPU.ActiveCfg = Debug|Any CPU
		{D4D4FC06-FB75-4938-8879-87FE966CB5FB}.Debug|Any CPU.Build.0 = Debug|Any CPU
		{D4D4FC06-FB75-4938-8879-87FE966CB5FB}.Release|Any CPU.ActiveCfg = Release|Any CPU
		{D4D4FC06-FB75-4938-8879-87FE966CB5FB}.Release|Any CPU.Build.0 = Release|Any CPU
		{10F75213-2D18-4CC2-8B1D-6548FA692C66}.Debug|Any CPU.ActiveCfg = Debug|Any CPU
		{10F75213-2D18-4CC2-8B1D-6548FA692C66}.Debug|Any CPU.Build.0 = Debug|Any CPU
		{10F75213-2D18-4CC2-8B1D-6548FA692C66}.Release|Any CPU.ActiveCfg = Release|Any CPU
		{10F75213-2D18-4CC2-8B1D-6548FA692C66}.Release|Any CPU.Build.0 = Release|Any CPU
	EndGlobalSection
	GlobalSection(SolutionProperties) = preSolution
		HideSolutionNode = FALSE
	EndGlobalSection
	GlobalSection(NestedProjects) = preSolution
		{1819D904-A4BC-4CF9-BFA7-185E5E5EA4E0} = {72D514C9-8586-4F23-858F-F6044146D5D5}
		{BD2E91CC-6C72-4563-AC0A-01789A6956DD} = {A33A6D18-E478-4602-97F7-3B5A9005FE44}
		{FA4E4365-4290-4784-A706-ABC18D83002A} = {6F9A96A8-03CF-404F-A94E-9E53DBBA64D8}
		{2A69BEFB-E84D-4D98-8825-E26EB10FE7D9} = {72D514C9-8586-4F23-858F-F6044146D5D5}
		{D58F2682-2B92-4D5C-A049-5C29303C5831} = {72D514C9-8586-4F23-858F-F6044146D5D5}
		{6F4D2000-3E67-4DE1-B8B0-770F38DE34C0} = {A33A6D18-E478-4602-97F7-3B5A9005FE44}
		{F393ACBB-49CC-46CF-BB7A-3999DBB2A9E7} = {A33A6D18-E478-4602-97F7-3B5A9005FE44}
		{D4D4FC06-FB75-4938-8879-87FE966CB5FB} = {6F9A96A8-03CF-404F-A94E-9E53DBBA64D8}
		{10F75213-2D18-4CC2-8B1D-6548FA692C66} = {6F9A96A8-03CF-404F-A94E-9E53DBBA64D8}
	EndGlobalSection
	GlobalSection(ExtensibilityGlobals) = postSolution
		SolutionGuid = {D147320A-DD1E-4F63-989D-66C8DBBBD91B}
	EndGlobalSection
EndGlobal
